
Microsoft Visual Studio Solution File, Format Version 12.00
Project("{FAE04EC0-301F-11D3-BF4B-00C04F79EFBC}") = "EX001", "EX001\EX001.csproj", "{007EF001-E1BD-431B-BB46-9831CF0DAA0D}"
EndProject
Project("{FAE04EC0-301F-11D3-BF4B-00C04F79EFBC}") = "EX002", "EX002\EX002.csproj", "{1CEEC31A-4FA1-402E-94F6-C092A643C8D5}"
EndProject
Global
	GlobalSection(SolutionConfigurationPlatforms) = preSolution
		Debug|Any CPU = Debug|Any CPU
		Release|Any CPU = Release|Any CPU
	EndGlobalSection
	GlobalSection(ProjectConfigurationPlatforms) = postSolution
		{007EF001-E1BD-431B-BB46-9831CF0DAA0D}.Debug|Any CPU.ActiveCfg = Debug|Any CPU
		{007EF001-E1BD-431B-BB46-9831CF0DAA0D}.Debug|Any CPU.Build.0 = Debug|Any CPU
		{007EF001-E1BD-431B-BB46-9831CF0DAA0D}.Release|Any CPU.ActiveCfg = Release|Any CPU
		{007EF001-E1BD-431B-BB46-9831CF0DAA0D}.Release|Any CPU.Build.0 = Release|Any CPU
		{1CEEC31A-4FA1-402E-94F6-C092A643C8D5}.Debug|Any CPU.ActiveCfg = Debug|Any CPU
		{1CEEC31A-4FA1-402E-94F6-C092A643C8D5}.Debug|Any CPU.Build.0 = Debug|Any CPU
		{1CEEC31A-4FA1-402E-94F6-C092A643C8D5}.Release|Any CPU.ActiveCfg = Release|Any CPU
		{1CEEC31A-4FA1-402E-94F6-C092A643C8D5}.Release|Any CPU.Build.0 = Release|Any CPU
	EndGlobalSection
EndGlobal
